
Microsoft Visual Studio Solution File, Format Version 12.00
# Visual Studio Version 17
VisualStudioVersion = 17.11.35327.3
MinimumVisualStudioVersion = 10.0.40219.1
Project("{9A19103F-16F7-4668-BE54-9A1E7A4F7556}") = "ContactsControl", "ContactsControl\ContactsControl.csproj", "{6F890465-DF64-40A0-BCB9-B7D5616A180A}"
EndProject
Project("{2150E333-8FDC-42A3-9474-1A3956D46DE8}") = "src", "src", "{BCA1BADB-5A17-4ABD-AD00-5C1EB00A978C}"
EndProject
Project("{2150E333-8FDC-42A3-9474-1A3956D46DE8}") = "codecov", "codecov", "{FC8E07B7-2A2B-467E-B11B-E8B2A6D533E4}"
	ProjectSection(SolutionItems) = preProject
		codecov.yml = codecov.yml
	EndProjectSection
EndProject
Project("{FAE04EC0-301F-11D3-BF4B-00C04F79EFBC}") = "Tests", "Tests\Tests.csproj", "{A7FEDA46-F7CA-4F50-877B-81D05B2A81CF}"
EndProject
Project("{2150E333-8FDC-42A3-9474-1A3956D46DE8}") = "test", "test", "{B005774E-3393-4AC6-8A25-C76D8B470018}"
EndProject
Global
	GlobalSection(SolutionConfigurationPlatforms) = preSolution
		Debug|Any CPU = Debug|Any CPU
		Release|Any CPU = Release|Any CPU
	EndGlobalSection
	GlobalSection(ProjectConfigurationPlatforms) = postSolution
		{6F890465-DF64-40A0-BCB9-B7D5616A180A}.Debug|Any CPU.ActiveCfg = Debug|Any CPU
		{6F890465-DF64-40A0-BCB9-B7D5616A180A}.Debug|Any CPU.Build.0 = Debug|Any CPU
		{6F890465-DF64-40A0-BCB9-B7D5616A180A}.Release|Any CPU.ActiveCfg = Release|Any CPU
		{6F890465-DF64-40A0-BCB9-B7D5616A180A}.Release|Any CPU.Build.0 = Release|Any CPU
		{A7FEDA46-F7CA-4F50-877B-81D05B2A81CF}.Debug|Any CPU.ActiveCfg = Debug|Any CPU
		{A7FEDA46-F7CA-4F50-877B-81D05B2A81CF}.Debug|Any CPU.Build.0 = Debug|Any CPU
		{A7FEDA46-F7CA-4F50-877B-81D05B2A81CF}.Release|Any CPU.ActiveCfg = Release|Any CPU
		{A7FEDA46-F7CA-4F50-877B-81D05B2A81CF}.Release|Any CPU.Build.0 = Release|Any CPU
	EndGlobalSection
	GlobalSection(SolutionProperties) = preSolution
		HideSolutionNode = FALSE
	EndGlobalSection
	GlobalSection(NestedProjects) = preSolution
		{6F890465-DF64-40A0-BCB9-B7D5616A180A} = {BCA1BADB-5A17-4ABD-AD00-5C1EB00A978C}
		{A7FEDA46-F7CA-4F50-877B-81D05B2A81CF} = {B005774E-3393-4AC6-8A25-C76D8B470018}
	EndGlobalSection
	GlobalSection(ExtensibilityGlobals) = postSolution
		SolutionGuid = {C52BDE7D-BFFD-42D7-A7BD-57DBB119FC33}
	EndGlobalSection
EndGlobal
